
Microsoft Visual Studio Solution File, Format Version 12.00
# Visual Studio Version 17
VisualStudioVersion = 17.0.31903.59
MinimumVisualStudioVersion = 10.0.40219.1
Project("{2150E333-8FDC-42A3-9474-1A3956D46DE8}") = "src", "src", "{12E426DD-6E7D-4F7A-A4EB-B4D41296556F}"
EndProject
Project("{FAE04EC0-301F-11D3-BF4B-00C04F79EFBC}") = "MySpot.Api", "src\MySpot.Api\MySpot.Api.csproj", "{6BC78285-E974-4A8E-B9E3-2F77D7DF3E15}"
EndProject
Global
	GlobalSection(SolutionConfigurationPlatforms) = preSolution
		Debug|Any CPU = Debug|Any CPU
		Release|Any CPU = Release|Any CPU
	EndGlobalSection
	GlobalSection(SolutionProperties) = preSolution
		HideSolutionNode = FALSE
	EndGlobalSection
	GlobalSection(ProjectConfigurationPlatforms) = postSolution
		{6BC78285-E974-4A8E-B9E3-2F77D7DF3E15}.Debug|Any CPU.ActiveCfg = Debug|Any CPU
		{6BC78285-E974-4A8E-B9E3-2F77D7DF3E15}.Debug|Any CPU.Build.0 = Debug|Any CPU
		{6BC78285-E974-4A8E-B9E3-2F77D7DF3E15}.Release|Any CPU.ActiveCfg = Release|Any CPU
		{6BC78285-E974-4A8E-B9E3-2F77D7DF3E15}.Release|Any CPU.Build.0 = Release|Any CPU
	EndGlobalSection
	GlobalSection(NestedProjects) = preSolution
		{6BC78285-E974-4A8E-B9E3-2F77D7DF3E15} = {12E426DD-6E7D-4F7A-A4EB-B4D41296556F}
	EndGlobalSection
EndGlobal
